
Microsoft Visual Studio Solution File, Format Version 12.00
# Visual Studio Version 16
VisualStudioVersion = 16.0.30114.105
MinimumVisualStudioVersion = 10.0.40219.1
Project("{888888A0-9F3D-457C-B088-3A5042F75D52}") = "ChisoftPythonWebApp", "ChisoftPythonWebApp\ChisoftPythonWebApp.pyproj", "{ADB77F0F-053A-4A6E-A433-8CCBBAE189D9}"
EndProject
Global
	GlobalSection(SolutionConfigurationPlatforms) = preSolution
		Debug|Any CPU = Debug|Any CPU
		Release|Any CPU = Release|Any CPU
	EndGlobalSection
	GlobalSection(ProjectConfigurationPlatforms) = postSolution
		{ADB77F0F-053A-4A6E-A433-8CCBBAE189D9}.Debug|Any CPU.ActiveCfg = Debug|Any CPU
		{ADB77F0F-053A-4A6E-A433-8CCBBAE189D9}.Debug|Any CPU.Build.0 = Debug|Any CPU
		{ADB77F0F-053A-4A6E-A433-8CCBBAE189D9}.Release|Any CPU.ActiveCfg = Release|Any CPU
		{ADB77F0F-053A-4A6E-A433-8CCBBAE189D9}.Release|Any CPU.Build.0 = Release|Any CPU
	EndGlobalSection
	GlobalSection(SolutionProperties) = preSolution
		HideSolutionNode = FALSE
	EndGlobalSection
	GlobalSection(ExtensibilityGlobals) = postSolution
		SolutionGuid = {FE75D979-DD64-4E42-BE5C-F23952CD093D}
	EndGlobalSection
EndGlobal
